
Microsoft Visual Studio Solution File, Format Version 12.00
# Visual Studio Version 17
VisualStudioVersion = 17.5.002.0
MinimumVisualStudioVersion = 10.0.40219.1
Project("{9A19103F-16F7-4668-BE54-9A1E7A4F7556}") = "MyWebApp", "MyWebApp.csproj", "{82DE1BC2-A432-4C2B-85A6-E77AF28097F4}"
EndProject
Global
	GlobalSection(SolutionConfigurationPlatforms) = preSolution
		Debug|Any CPU = Debug|Any CPU
		Release|Any CPU = Release|Any CPU
	EndGlobalSection
	GlobalSection(ProjectConfigurationPlatforms) = postSolution
		{82DE1BC2-A432-4C2B-85A6-E77AF28097F4}.Debug|Any CPU.ActiveCfg = Debug|Any CPU
		{82DE1BC2-A432-4C2B-85A6-E77AF28097F4}.Debug|Any CPU.Build.0 = Debug|Any CPU
		{82DE1BC2-A432-4C2B-85A6-E77AF28097F4}.Release|Any CPU.ActiveCfg = Release|Any CPU
		{82DE1BC2-A432-4C2B-85A6-E77AF28097F4}.Release|Any CPU.Build.0 = Release|Any CPU
	EndGlobalSection
	GlobalSection(SolutionProperties) = preSolution
		HideSolutionNode = FALSE
	EndGlobalSection
	GlobalSection(ExtensibilityGlobals) = postSolution
		SolutionGuid = {1148F04A-8465-448E-9425-016848E85FD7}
	EndGlobalSection
EndGlobal
